// !$*UTF8*$!
{
	archiveVersion = 1;
	classes = {
	};
	objectVersion = 55;
	objects = {

/* Begin PBXBuildFile section */
		575804A1283B78B300027F7E /* AnzenApp.swift in Sources */ = {isa = PBXBuildFile; fileRef = 575804A0283B78B300027F7E /* AnzenApp.swift */; };
		575804A3283B78B300027F7E /* ContentView.swift in Sources */ = {isa = PBXBuildFile; fileRef = 575804A2283B78B300027F7E /* ContentView.swift */; };
		575804A5283B78B400027F7E /* Assets.xcassets in Resources */ = {isa = PBXBuildFile; fileRef = 575804A4283B78B400027F7E /* Assets.xcassets */; };
		575804A8283B78B400027F7E /* Preview Assets.xcassets in Resources */ = {isa = PBXBuildFile; fileRef = 575804A7283B78B400027F7E /* Preview Assets.xcassets */; };
		575804CC283B89FE00027F7E /* DropZoneView.swift in Sources */ = {isa = PBXBuildFile; fileRef = 575804CB283B89FE00027F7E /* DropZoneView.swift */; };
		575804CE283B8A0800027F7E /* BackgroundView.swift in Sources */ = {isa = PBXBuildFile; fileRef = 575804CD283B8A0800027F7E /* BackgroundView.swift */; };
		575804D0283B8B9100027F7E /* DialogSheetView.swift in Sources */ = {isa = PBXBuildFile; fileRef = 575804CF283B8B9100027F7E /* DialogSheetView.swift */; };
		575804D6283B963400027F7E /* DialogSheetTextFieldView.swift in Sources */ = {isa = PBXBuildFile; fileRef = 575804D5283B963400027F7E /* DialogSheetTextFieldView.swift */; };
		575804D8283B974D00027F7E /* DialogSheetTitleTextView.swift in Sources */ = {isa = PBXBuildFile; fileRef = 575804D7283B974D00027F7E /* DialogSheetTitleTextView.swift */; };
		575804DA283B994100027F7E /* AnzenButtonStyle.swift in Sources */ = {isa = PBXBuildFile; fileRef = 575804D9283B994100027F7E /* AnzenButtonStyle.swift */; };
		575804DC283B9D2600027F7E /* Helper.swift in Sources */ = {isa = PBXBuildFile; fileRef = 575804DB283B9D2600027F7E /* Helper.swift */; };
		575804DE283B9D5D00027F7E /* AnzenErrors.swift in Sources */ = {isa = PBXBuildFile; fileRef = 575804DD283B9D5D00027F7E /* AnzenErrors.swift */; };
		575804E0283BA3DE00027F7E /* DialogSheetErrorView.swift in Sources */ = {isa = PBXBuildFile; fileRef = 575804DF283BA3DE00027F7E /* DialogSheetErrorView.swift */; };
		575804E2283BCAEE00027F7E /* ColorExtension.swift in Sources */ = {isa = PBXBuildFile; fileRef = 575804E1283BCAEE00027F7E /* ColorExtension.swift */; };
		575804E4283BCC8700027F7E /* DialogSheetCancelButtonView.swift in Sources */ = {isa = PBXBuildFile; fileRef = 575804E3283BCC8700027F7E /* DialogSheetCancelButtonView.swift */; };
		575804E6283BCDAA00027F7E /* AnzenCancelButtonStyle.swift in Sources */ = {isa = PBXBuildFile; fileRef = 575804E5283BCDAA00027F7E /* AnzenCancelButtonStyle.swift */; };
		575804EB283BEFB100027F7E /* ErrorSheetView.swift in Sources */ = {isa = PBXBuildFile; fileRef = 575804EA283BEFB100027F7E /* ErrorSheetView.swift */; };
		575804ED283BF23200027F7E /* AnzenOkayButtonStyle.swift in Sources */ = {isa = PBXBuildFile; fileRef = 575804EC283BF23200027F7E /* AnzenOkayButtonStyle.swift */; };
		575804EF283C08F900027F7E /* CloseViewButton.swift in Sources */ = {isa = PBXBuildFile; fileRef = 575804EE283C08F900027F7E /* CloseViewButton.swift */; };
		575804F1283C25EA00027F7E /* DropZoneImageView.swift in Sources */ = {isa = PBXBuildFile; fileRef = 575804F0283C25EA00027F7E /* DropZoneImageView.swift */; };
		575804F3283C2D2F00027F7E /* WaveShape.swift in Sources */ = {isa = PBXBuildFile; fileRef = 575804F2283C2D2F00027F7E /* WaveShape.swift */; };
/* End PBXBuildFile section */

/* Begin PBXFileReference section */
		5758049D283B78B300027F7E /* Anzen.app */ = {isa = PBXFileReference; explicitFileType = wrapper.application; includeInIndex = 0; path = Anzen.app; sourceTree = BUILT_PRODUCTS_DIR; };
		575804A0283B78B300027F7E /* AnzenApp.swift */ = {isa = PBXFileReference; lastKnownFileType = sourcecode.swift; path = AnzenApp.swift; sourceTree = "<group>"; };
		575804A2283B78B300027F7E /* ContentView.swift */ = {isa = PBXFileReference; lastKnownFileType = sourcecode.swift; path = ContentView.swift; sourceTree = "<group>"; };
		575804A4283B78B400027F7E /* Assets.xcassets */ = {isa = PBXFileReference; lastKnownFileType = folder.assetcatalog; path = Assets.xcassets; sourceTree = "<group>"; };
		575804A7283B78B400027F7E /* Preview Assets.xcassets */ = {isa = PBXFileReference; lastKnownFileType = folder.assetcatalog; path = "Preview Assets.xcassets"; sourceTree = "<group>"; };
		575804A9283B78B400027F7E /* Anzen.entitlements */ = {isa = PBXFileReference; lastKnownFileType = text.plist.entitlements; path = Anzen.entitlements; sourceTree = "<group>"; };
		575804CB283B89FE00027F7E /* DropZoneView.swift */ = {isa = PBXFileReference; lastKnownFileType = sourcecode.swift; path = DropZoneView.swift; sourceTree = "<group>"; };
		575804CD283B8A0800027F7E /* BackgroundView.swift */ = {isa = PBXFileReference; lastKnownFileType = sourcecode.swift; path = BackgroundView.swift; sourceTree = "<group>"; };
		575804CF283B8B9100027F7E /* DialogSheetView.swift */ = {isa = PBXFileReference; lastKnownFileType = sourcecode.swift; path = DialogSheetView.swift; sourceTree = "<group>"; };
		575804D5283B963400027F7E /* DialogSheetTextFieldView.swift */ = {isa = PBXFileReference; lastKnownFileType = sourcecode.swift; path = DialogSheetTextFieldView.swift; sourceTree = "<group>"; };
		575804D7283B974D00027F7E /* DialogSheetTitleTextView.swift */ = {isa = PBXFileReference; lastKnownFileType = sourcecode.swift; path = DialogSheetTitleTextView.swift; sourceTree = "<group>"; };
		575804D9283B994100027F7E /* AnzenButtonStyle.swift */ = {isa = PBXFileReference; lastKnownFileType = sourcecode.swift; path = AnzenButtonStyle.swift; sourceTree = "<group>"; };
		575804DB283B9D2600027F7E /* Helper.swift */ = {isa = PBXFileReference; lastKnownFileType = sourcecode.swift; path = Helper.swift; sourceTree = "<group>"; };
		575804DD283B9D5D00027F7E /* AnzenErrors.swift */ = {isa = PBXFileReference; lastKnownFileType = sourcecode.swift; path = AnzenErrors.swift; sourceTree = "<group>"; };
		575804DF283BA3DE00027F7E /* DialogSheetErrorView.swift */ = {isa = PBXFileReference; lastKnownFileType = sourcecode.swift; path = DialogSheetErrorView.swift; sourceTree = "<group>"; };
		575804E1283BCAEE00027F7E /* ColorExtension.swift */ = {isa = PBXFileReference; lastKnownFileType = sourcecode.swift; path = ColorExtension.swift; sourceTree = "<group>"; };
		575804E3283BCC8700027F7E /* DialogSheetCancelButtonView.swift */ = {isa = PBXFileReference; lastKnownFileType = sourcecode.swift; path = DialogSheetCancelButtonView.swift; sourceTree = "<group>"; };
		575804E5283BCDAA00027F7E /* AnzenCancelButtonStyle.swift */ = {isa = PBXFileReference; lastKnownFileType = sourcecode.swift; path = AnzenCancelButtonStyle.swift; sourceTree = "<group>"; };
		575804EA283BEFB100027F7E /* ErrorSheetView.swift */ = {isa = PBXFileReference; lastKnownFileType = sourcecode.swift; path = ErrorSheetView.swift; sourceTree = "<group>"; };
		575804EC283BF23200027F7E /* AnzenOkayButtonStyle.swift */ = {isa = PBXFileReference; lastKnownFileType = sourcecode.swift; path = AnzenOkayButtonStyle.swift; sourceTree = "<group>"; };
		575804EE283C08F900027F7E /* CloseViewButton.swift */ = {isa = PBXFileReference; lastKnownFileType = sourcecode.swift; path = CloseViewButton.swift; sourceTree = "<group>"; };
		575804F0283C25EA00027F7E /* DropZoneImageView.swift */ = {isa = PBXFileReference; lastKnownFileType = sourcecode.swift; path = DropZoneImageView.swift; sourceTree = "<group>"; };
		575804F2283C2D2F00027F7E /* WaveShape.swift */ = {isa = PBXFileReference; lastKnownFileType = sourcecode.swift; path = WaveShape.swift; sourceTree = "<group>"; };
/* End PBXFileReference section */

/* Begin PBXFrameworksBuildPhase section */
		5758049A283B78B300027F7E /* Frameworks */ = {
			isa = PBXFrameworksBuildPhase;
			buildActionMask = 2147483647;
			files = (
			);
			runOnlyForDeploymentPostprocessing = 0;
		};
/* End PBXFrameworksBuildPhase section */

/* Begin PBXGroup section */
		57580494283B78B300027F7E = {
			isa = PBXGroup;
			children = (
				5758049F283B78B300027F7E /* Anzen */,
				5758049E283B78B300027F7E /* Products */,
			);
			sourceTree = "<group>";
		};
		5758049E283B78B300027F7E /* Products */ = {
			isa = PBXGroup;
			children = (
				5758049D283B78B300027F7E /* Anzen.app */,
			);
			name = Products;
			sourceTree = "<group>";
		};
		5758049F283B78B300027F7E /* Anzen */ = {
			isa = PBXGroup;
			children = (
				575804F7283C330F00027F7E /* Constants */,
				575804F6283C32FE00027F7E /* Extensions */,
				575804F8283C331E00027F7E /* Modifiers */,
				575804CA283B89F000027F7E /* Views */,
				575804A0283B78B300027F7E /* AnzenApp.swift */,
				575804DB283B9D2600027F7E /* Helper.swift */,
				575804F2283C2D2F00027F7E /* WaveShape.swift */,
				575804A4283B78B400027F7E /* Assets.xcassets */,
				575804A9283B78B400027F7E /* Anzen.entitlements */,
				575804A6283B78B400027F7E /* Preview Content */,
			);
			path = Anzen;
			sourceTree = "<group>";
		};
		575804A6283B78B400027F7E /* Preview Content */ = {
			isa = PBXGroup;
			children = (
				575804A7283B78B400027F7E /* Preview Assets.xcassets */,
			);
			path = "Preview Content";
			sourceTree = "<group>";
		};
		575804CA283B89F000027F7E /* Views */ = {
			isa = PBXGroup;
			children = (
				575804E9283BEF9F00027F7E /* ErrorSheetViews */,
				575804D4283B960F00027F7E /* DialogSheetViews */,
				575804A2283B78B300027F7E /* ContentView.swift */,
				575804CB283B89FE00027F7E /* DropZoneView.swift */,
				575804CD283B8A0800027F7E /* BackgroundView.swift */,
				575804EE283C08F900027F7E /* CloseViewButton.swift */,
				575804F0283C25EA00027F7E /* DropZoneImageView.swift */,
			);
			path = Views;
			sourceTree = "<group>";
		};
		575804D4283B960F00027F7E /* DialogSheetViews */ = {
			isa = PBXGroup;
			children = (
				575804CF283B8B9100027F7E /* DialogSheetView.swift */,
				575804D5283B963400027F7E /* DialogSheetTextFieldView.swift */,
				575804D7283B974D00027F7E /* DialogSheetTitleTextView.swift */,
				575804DF283BA3DE00027F7E /* DialogSheetErrorView.swift */,
				575804E3283BCC8700027F7E /* DialogSheetCancelButtonView.swift */,
			);
			path = DialogSheetViews;
			sourceTree = "<group>";
		};
		575804E9283BEF9F00027F7E /* ErrorSheetViews */ = {
			isa = PBXGroup;
			children = (
				575804EA283BEFB100027F7E /* ErrorSheetView.swift */,
			);
			path = ErrorSheetViews;
			sourceTree = "<group>";
		};
		575804F6283C32FE00027F7E /* Extensions */ = {
			isa = PBXGroup;
			children = (
				575804E1283BCAEE00027F7E /* ColorExtension.swift */,
			);
			path = Extensions;
			sourceTree = "<group>";
		};
		575804F7283C330F00027F7E /* Constants */ = {
			isa = PBXGroup;
			children = (
				575804DD283B9D5D00027F7E /* AnzenErrors.swift */,
			);
			path = Constants;
			sourceTree = "<group>";
		};
		575804F8283C331E00027F7E /* Modifiers */ = {
			isa = PBXGroup;
			children = (
				575804D9283B994100027F7E /* AnzenButtonStyle.swift */,
				575804E5283BCDAA00027F7E /* AnzenCancelButtonStyle.swift */,
				575804EC283BF23200027F7E /* AnzenOkayButtonStyle.swift */,
			);
			path = Modifiers;
			sourceTree = "<group>";
		};
/* End PBXGroup section */

/* Begin PBXNativeTarget section */
		5758049C283B78B300027F7E /* Anzen */ = {
			isa = PBXNativeTarget;
			buildConfigurationList = 575804AC283B78B400027F7E /* Build configuration list for PBXNativeTarget "Anzen" */;
			buildPhases = (
				57580499283B78B300027F7E /* Sources */,
				5758049A283B78B300027F7E /* Frameworks */,
				5758049B283B78B300027F7E /* Resources */,
			);
			buildRules = (
			);
			dependencies = (
			);
			name = Anzen;
			productName = Anzen;
			productReference = 5758049D283B78B300027F7E /* Anzen.app */;
			productType = "com.apple.product-type.application";
		};
/* End PBXNativeTarget section */

/* Begin PBXProject section */
		57580495283B78B300027F7E /* Project object */ = {
			isa = PBXProject;
			attributes = {
				BuildIndependentTargetsInParallel = 1;
				LastSwiftUpdateCheck = 1340;
				LastUpgradeCheck = 1340;
				TargetAttributes = {
					5758049C283B78B300027F7E = {
						CreatedOnToolsVersion = 13.4;
					};
				};
			};
			buildConfigurationList = 57580498283B78B300027F7E /* Build configuration list for PBXProject "Anzen" */;
			compatibilityVersion = "Xcode 13.0";
			developmentRegion = en;
			hasScannedForEncodings = 0;
			knownRegions = (
				en,
				Base,
			);
			mainGroup = 57580494283B78B300027F7E;
			productRefGroup = 5758049E283B78B300027F7E /* Products */;
			projectDirPath = "";
			projectRoot = "";
			targets = (
				5758049C283B78B300027F7E /* Anzen */,
			);
		};
/* End PBXProject section */

/* Begin PBXResourcesBuildPhase section */
		5758049B283B78B300027F7E /* Resources */ = {
			isa = PBXResourcesBuildPhase;
			buildActionMask = 2147483647;
			files = (
				575804A8283B78B400027F7E /* Preview Assets.xcassets in Resources */,
				575804A5283B78B400027F7E /* Assets.xcassets in Resources */,
			);
			runOnlyForDeploymentPostprocessing = 0;
		};
/* End PBXResourcesBuildPhase section */

/* Begin PBXSourcesBuildPhase section */
		57580499283B78B300027F7E /* Sources */ = {
			isa = PBXSourcesBuildPhase;
			buildActionMask = 2147483647;
			files = (
				575804D6283B963400027F7E /* DialogSheetTextFieldView.swift in Sources */,
				575804F1283C25EA00027F7E /* DropZoneImageView.swift in Sources */,
				575804DA283B994100027F7E /* AnzenButtonStyle.swift in Sources */,
				575804ED283BF23200027F7E /* AnzenOkayButtonStyle.swift in Sources */,
				575804A3283B78B300027F7E /* ContentView.swift in Sources */,
				575804E2283BCAEE00027F7E /* ColorExtension.swift in Sources */,
				575804DE283B9D5D00027F7E /* AnzenErrors.swift in Sources */,
				575804E4283BCC8700027F7E /* DialogSheetCancelButtonView.swift in Sources */,
				575804CC283B89FE00027F7E /* DropZoneView.swift in Sources */,
				575804E0283BA3DE00027F7E /* DialogSheetErrorView.swift in Sources */,
				575804D8283B974D00027F7E /* DialogSheetTitleTextView.swift in Sources */,
				575804DC283B9D2600027F7E /* Helper.swift in Sources */,
				575804E6283BCDAA00027F7E /* AnzenCancelButtonStyle.swift in Sources */,
				575804CE283B8A0800027F7E /* BackgroundView.swift in Sources */,
				575804A1283B78B300027F7E /* AnzenApp.swift in Sources */,
				575804F3283C2D2F00027F7E /* WaveShape.swift in Sources */,
				575804EB283BEFB100027F7E /* ErrorSheetView.swift in Sources */,
				575804D0283B8B9100027F7E /* DialogSheetView.swift in Sources */,
				575804EF283C08F900027F7E /* CloseViewButton.swift in Sources */,
			);
			runOnlyForDeploymentPostprocessing = 0;
		};
/* End PBXSourcesBuildPhase section */

/* Begin XCBuildConfiguration section */
		575804AA283B78B400027F7E /* Debug */ = {
			isa = XCBuildConfiguration;
			buildSettings = {
				ALWAYS_SEARCH_USER_PATHS = NO;
				CLANG_ANALYZER_NONNULL = YES;
				CLANG_ANALYZER_NUMBER_OBJECT_CONVERSION = YES_AGGRESSIVE;
				CLANG_CXX_LANGUAGE_STANDARD = "gnu++17";
				CLANG_ENABLE_MODULES = YES;
				CLANG_ENABLE_OBJC_ARC = YES;
				CLANG_ENABLE_OBJC_WEAK = YES;
				CLANG_WARN_BLOCK_CAPTURE_AUTORELEASING = YES;
				CLANG_WARN_BOOL_CONVERSION = YES;
				CLANG_WARN_COMMA = YES;
				CLANG_WARN_CONSTANT_CONVERSION = YES;
				CLANG_WARN_DEPRECATED_OBJC_IMPLEMENTATIONS = YES;
				CLANG_WARN_DIRECT_OBJC_ISA_USAGE = YES_ERROR;
				CLANG_WARN_DOCUMENTATION_COMMENTS = YES;
				CLANG_WARN_EMPTY_BODY = YES;
				CLANG_WARN_ENUM_CONVERSION = YES;
				CLANG_WARN_INFINITE_RECURSION = YES;
				CLANG_WARN_INT_CONVERSION = YES;
				CLANG_WARN_NON_LITERAL_NULL_CONVERSION = YES;
				CLANG_WARN_OBJC_IMPLICIT_RETAIN_SELF = YES;
				CLANG_WARN_OBJC_LITERAL_CONVERSION = YES;
				CLANG_WARN_OBJC_ROOT_CLASS = YES_ERROR;
				CLANG_WARN_QUOTED_INCLUDE_IN_FRAMEWORK_HEADER = YES;
				CLANG_WARN_RANGE_LOOP_ANALYSIS = YES;
				CLANG_WARN_STRICT_PROTOTYPES = YES;
				CLANG_WARN_SUSPICIOUS_MOVE = YES;
				CLANG_WARN_UNGUARDED_AVAILABILITY = YES_AGGRESSIVE;
				CLANG_WARN_UNREACHABLE_CODE = YES;
				CLANG_WARN__DUPLICATE_METHOD_MATCH = YES;
				COPY_PHASE_STRIP = NO;
				DEBUG_INFORMATION_FORMAT = dwarf;
				ENABLE_STRICT_OBJC_MSGSEND = YES;
				ENABLE_TESTABILITY = YES;
				GCC_C_LANGUAGE_STANDARD = gnu11;
				GCC_DYNAMIC_NO_PIC = NO;
				GCC_NO_COMMON_BLOCKS = YES;
				GCC_OPTIMIZATION_LEVEL = 0;
				GCC_PREPROCESSOR_DEFINITIONS = (
					"DEBUG=1",
					"$(inherited)",
				);
				GCC_WARN_64_TO_32_BIT_CONVERSION = YES;
				GCC_WARN_ABOUT_RETURN_TYPE = YES_ERROR;
				GCC_WARN_UNDECLARED_SELECTOR = YES;
				GCC_WARN_UNINITIALIZED_AUTOS = YES_AGGRESSIVE;
				GCC_WARN_UNUSED_FUNCTION = YES;
				GCC_WARN_UNUSED_VARIABLE = YES;
				MACOSX_DEPLOYMENT_TARGET = 12.3;
				MTL_ENABLE_DEBUG_INFO = INCLUDE_SOURCE;
				MTL_FAST_MATH = YES;
				ONLY_ACTIVE_ARCH = YES;
				SDKROOT = macosx;
				SWIFT_ACTIVE_COMPILATION_CONDITIONS = DEBUG;
				SWIFT_OPTIMIZATION_LEVEL = "-Onone";
			};
			name = Debug;
		};
		575804AB283B78B400027F7E /* Release */ = {
			isa = XCBuildConfiguration;
			buildSettings = {
				ALWAYS_SEARCH_USER_PATHS = NO;
				CLANG_ANALYZER_NONNULL = YES;
				CLANG_ANALYZER_NUMBER_OBJECT_CONVERSION = YES_AGGRESSIVE;
				CLANG_CXX_LANGUAGE_STANDARD = "gnu++17";
				CLANG_ENABLE_MODULES = YES;
				CLANG_ENABLE_OBJC_ARC = YES;
				CLANG_ENABLE_OBJC_WEAK = YES;
				CLANG_WARN_BLOCK_CAPTURE_AUTORELEASING = YES;
				CLANG_WARN_BOOL_CONVERSION = YES;
				CLANG_WARN_COMMA = YES;
				CLANG_WARN_CONSTANT_CONVERSION = YES;
				CLANG_WARN_DEPRECATED_OBJC_IMPLEMENTATIONS = YES;
				CLANG_WARN_DIRECT_OBJC_ISA_USAGE = YES_ERROR;
				CLANG_WARN_DOCUMENTATION_COMMENTS = YES;
				CLANG_WARN_EMPTY_BODY = YES;
				CLANG_WARN_ENUM_CONVERSION = YES;
				CLANG_WARN_INFINITE_RECURSION = YES;
				CLANG_WARN_INT_CONVERSION = YES;
				CLANG_WARN_NON_LITERAL_NULL_CONVERSION = YES;
				CLANG_WARN_OBJC_IMPLICIT_RETAIN_SELF = YES;
				CLANG_WARN_OBJC_LITERAL_CONVERSION = YES;
				CLANG_WARN_OBJC_ROOT_CLASS = YES_ERROR;
				CLANG_WARN_QUOTED_INCLUDE_IN_FRAMEWORK_HEADER = YES;
				CLANG_WARN_RANGE_LOOP_ANALYSIS = YES;
				CLANG_WARN_STRICT_PROTOTYPES = YES;
				CLANG_WARN_SUSPICIOUS_MOVE = YES;
				CLANG_WARN_UNGUARDED_AVAILABILITY = YES_AGGRESSIVE;
				CLANG_WARN_UNREACHABLE_CODE = YES;
				CLANG_WARN__DUPLICATE_METHOD_MATCH = YES;
				COPY_PHASE_STRIP = NO;
				DEBUG_INFORMATION_FORMAT = "dwarf-with-dsym";
				ENABLE_NS_ASSERTIONS = NO;
				ENABLE_STRICT_OBJC_MSGSEND = YES;
				GCC_C_LANGUAGE_STANDARD = gnu11;
				GCC_NO_COMMON_BLOCKS = YES;
				GCC_WARN_64_TO_32_BIT_CONVERSION = YES;
				GCC_WARN_ABOUT_RETURN_TYPE = YES_ERROR;
				GCC_WARN_UNDECLARED_SELECTOR = YES;
				GCC_WARN_UNINITIALIZED_AUTOS = YES_AGGRESSIVE;
				GCC_WARN_UNUSED_FUNCTION = YES;
				GCC_WARN_UNUSED_VARIABLE = YES;
				MACOSX_DEPLOYMENT_TARGET = 12.3;
				MTL_ENABLE_DEBUG_INFO = NO;
				MTL_FAST_MATH = YES;
				SDKROOT = macosx;
				SWIFT_COMPILATION_MODE = wholemodule;
				SWIFT_OPTIMIZATION_LEVEL = "-O";
			};
			name = Release;
		};
		575804AD283B78B400027F7E /* Debug */ = {
			isa = XCBuildConfiguration;
			buildSettings = {
				ASSETCATALOG_COMPILER_APPICON_NAME = AppIcon;
				ASSETCATALOG_COMPILER_GLOBAL_ACCENT_COLOR_NAME = AccentColor;
				CODE_SIGN_ENTITLEMENTS = Anzen/Anzen.entitlements;
				CODE_SIGN_STYLE = Automatic;
				COMBINE_HIDPI_IMAGES = YES;
				CURRENT_PROJECT_VERSION = 1;
				DEVELOPMENT_ASSET_PATHS = "\"Anzen/Preview Content\"";
				DEVELOPMENT_TEAM = 358WHQF94W;
				ENABLE_HARDENED_RUNTIME = YES;
				ENABLE_PREVIEWS = YES;
				GENERATE_INFOPLIST_FILE = YES;
				INFOPLIST_KEY_NSHumanReadableCopyright = "";
				LD_RUNPATH_SEARCH_PATHS = (
					"$(inherited)",
					"@executable_path/../Frameworks",
				);
				MARKETING_VERSION = 1.0;
				PRODUCT_BUNDLE_IDENTIFIER = hu.purzelbaum.Anzen;
				PRODUCT_NAME = "$(TARGET_NAME)";
				SWIFT_EMIT_LOC_STRINGS = YES;
				SWIFT_VERSION = 5.0;
			};
			name = Debug;
		};
		575804AE283B78B400027F7E /* Release */ = {
			isa = XCBuildConfiguration;
			buildSettings = {
				ASSETCATALOG_COMPILER_APPICON_NAME = AppIcon;
				ASSETCATALOG_COMPILER_GLOBAL_ACCENT_COLOR_NAME = AccentColor;
				CODE_SIGN_ENTITLEMENTS = Anzen/Anzen.entitlements;
				CODE_SIGN_STYLE = Automatic;
				COMBINE_HIDPI_IMAGES = YES;
				CURRENT_PROJECT_VERSION = 1;
				DEVELOPMENT_ASSET_PATHS = "\"Anzen/Preview Content\"";
				DEVELOPMENT_TEAM = 358WHQF94W;
				ENABLE_HARDENED_RUNTIME = YES;
				ENABLE_PREVIEWS = YES;
				GENERATE_INFOPLIST_FILE = YES;
				INFOPLIST_KEY_NSHumanReadableCopyright = "";
				LD_RUNPATH_SEARCH_PATHS = (
					"$(inherited)",
					"@executable_path/../Frameworks",
				);
				MARKETING_VERSION = 1.0;
				PRODUCT_BUNDLE_IDENTIFIER = hu.purzelbaum.Anzen;
				PRODUCT_NAME = "$(TARGET_NAME)";
				SWIFT_EMIT_LOC_STRINGS = YES;
				SWIFT_VERSION = 5.0;
			};
			name = Release;
		};
/* End XCBuildConfiguration section */

/* Begin XCConfigurationList section */
		57580498283B78B300027F7E /* Build configuration list for PBXProject "Anzen" */ = {
			isa = XCConfigurationList;
			buildConfigurations = (
				575804AA283B78B400027F7E /* Debug */,
				575804AB283B78B400027F7E /* Release */,
			);
			defaultConfigurationIsVisible = 0;
			defaultConfigurationName = Release;
		};
		575804AC283B78B400027F7E /* Build configuration list for PBXNativeTarget "Anzen" */ = {
			isa = XCConfigurationList;
			buildConfigurations = (
				575804AD283B78B400027F7E /* Debug */,
				575804AE283B78B400027F7E /* Release */,
			);
			defaultConfigurationIsVisible = 0;
			defaultConfigurationName = Release;
		};
/* End XCConfigurationList section */
	};
	rootObject = 57580495283B78B300027F7E /* Project object */;
}
